
Microsoft Visual Studio Solution File, Format Version 12.00
# Visual Studio Version 16
VisualStudioVersion = 25.0.1704.5
MinimumVisualStudioVersion = 10.0.40219.1
Project("{FAE04EC0-301F-11D3-BF4B-00C04F79EFBC}") = "Business", "Business\Business.csproj", "{BD6B20F0-F233-4652-BE40-821D3F61A6F3}"
EndProject
Project("{FAE04EC0-301F-11D3-BF4B-00C04F79EFBC}") = "Entities", "Entities\Entities.csproj", "{50367392-6F1F-45B2-9941-ED965D7622F0}"
EndProject
Project("{FAE04EC0-301F-11D3-BF4B-00C04F79EFBC}") = "DataAccess", "DataAccess\DataAccess.csproj", "{FD785F31-47AA-4F70-B78B-022734C59C46}"
EndProject
Project("{FAE04EC0-301F-11D3-BF4B-00C04F79EFBC}") = "API", "API\API.csproj", "{987EC976-C323-4A93-8AAC-B1744077D992}"
EndProject
Global
	GlobalSection(SolutionConfigurationPlatforms) = preSolution
		Debug|Any CPU = Debug|Any CPU
		Release|Any CPU = Release|Any CPU
	EndGlobalSection
	GlobalSection(ProjectConfigurationPlatforms) = postSolution
		{BD6B20F0-F233-4652-BE40-821D3F61A6F3}.Debug|Any CPU.ActiveCfg = Debug|Any CPU
		{BD6B20F0-F233-4652-BE40-821D3F61A6F3}.Debug|Any CPU.Build.0 = Debug|Any CPU
		{BD6B20F0-F233-4652-BE40-821D3F61A6F3}.Release|Any CPU.ActiveCfg = Release|Any CPU
		{BD6B20F0-F233-4652-BE40-821D3F61A6F3}.Release|Any CPU.Build.0 = Release|Any CPU
		{50367392-6F1F-45B2-9941-ED965D7622F0}.Debug|Any CPU.ActiveCfg = Debug|Any CPU
		{50367392-6F1F-45B2-9941-ED965D7622F0}.Debug|Any CPU.Build.0 = Debug|Any CPU
		{50367392-6F1F-45B2-9941-ED965D7622F0}.Release|Any CPU.ActiveCfg = Release|Any CPU
		{50367392-6F1F-45B2-9941-ED965D7622F0}.Release|Any CPU.Build.0 = Release|Any CPU
		{FD785F31-47AA-4F70-B78B-022734C59C46}.Debug|Any CPU.ActiveCfg = Debug|Any CPU
		{FD785F31-47AA-4F70-B78B-022734C59C46}.Debug|Any CPU.Build.0 = Debug|Any CPU
		{FD785F31-47AA-4F70-B78B-022734C59C46}.Release|Any CPU.ActiveCfg = Release|Any CPU
		{FD785F31-47AA-4F70-B78B-022734C59C46}.Release|Any CPU.Build.0 = Release|Any CPU
		{987EC976-C323-4A93-8AAC-B1744077D992}.Debug|Any CPU.ActiveCfg = Debug|Any CPU
		{987EC976-C323-4A93-8AAC-B1744077D992}.Debug|Any CPU.Build.0 = Debug|Any CPU
		{987EC976-C323-4A93-8AAC-B1744077D992}.Release|Any CPU.ActiveCfg = Release|Any CPU
		{987EC976-C323-4A93-8AAC-B1744077D992}.Release|Any CPU.Build.0 = Release|Any CPU
	EndGlobalSection
	GlobalSection(SolutionProperties) = preSolution
		HideSolutionNode = FALSE
	EndGlobalSection
	GlobalSection(ExtensibilityGlobals) = postSolution
		SolutionGuid = {7DDF02B1-60CE-43B9-8E46-B9700BDB0CCD}
	EndGlobalSection
EndGlobal
